// !$*UTF8*$!
{
	archiveVersion = 1;
	classes = {
	};
	objectVersion = 48;
	objects = {

/* Begin PBXBuildFile section */
		779E6196220864EA000FF06A /* AppDelegate.swift in Sources */ = {isa = PBXBuildFile; fileRef = 779E6195220864EA000FF06A /* AppDelegate.swift */; };
		779E6198220864EA000FF06A /* ViewController.swift in Sources */ = {isa = PBXBuildFile; fileRef = 779E6197220864EA000FF06A /* ViewController.swift */; };
		779E619B220864EA000FF06A /* Main.storyboard in Resources */ = {isa = PBXBuildFile; fileRef = 779E6199220864EA000FF06A /* Main.storyboard */; };
		779E619D220864EA000FF06A /* Assets.xcassets in Resources */ = {isa = PBXBuildFile; fileRef = 779E619C220864EA000FF06A /* Assets.xcassets */; };
		779E61A0220864EA000FF06A /* LaunchScreen.storyboard in Resources */ = {isa = PBXBuildFile; fileRef = 779E619E220864EA000FF06A /* LaunchScreen.storyboard */; };
		779E61AA220879AE000FF06A /* Date.swift in Sources */ = {isa = PBXBuildFile; fileRef = 779E61A9220879AE000FF06A /* Date.swift */; };
		779E61AC22087AFA000FF06A /* DataDeathList.swift in Sources */ = {isa = PBXBuildFile; fileRef = 779E61AB22087AFA000FF06A /* DataDeathList.swift */; };
		77EAE00F2208A7E50048C556 /* DeathTableViewCell.swift in Sources */ = {isa = PBXBuildFile; fileRef = 77EAE00E2208A7E50048C556 /* DeathTableViewCell.swift */; };
/* End PBXBuildFile section */

/* Begin PBXFileReference section */
		779E6192220864EA000FF06A /* d02.app */ = {isa = PBXFileReference; explicitFileType = wrapper.application; includeInIndex = 0; path = d02.app; sourceTree = BUILT_PRODUCTS_DIR; };
		779E6195220864EA000FF06A /* AppDelegate.swift */ = {isa = PBXFileReference; lastKnownFileType = sourcecode.swift; path = AppDelegate.swift; sourceTree = "<group>"; };
		779E6197220864EA000FF06A /* ViewController.swift */ = {isa = PBXFileReference; lastKnownFileType = sourcecode.swift; path = ViewController.swift; sourceTree = "<group>"; };
		779E619A220864EA000FF06A /* Base */ = {isa = PBXFileReference; lastKnownFileType = file.storyboard; name = Base; path = Base.lproj/Main.storyboard; sourceTree = "<group>"; };
		779E619C220864EA000FF06A /* Assets.xcassets */ = {isa = PBXFileReference; lastKnownFileType = folder.assetcatalog; path = Assets.xcassets; sourceTree = "<group>"; };
		779E619F220864EA000FF06A /* Base */ = {isa = PBXFileReference; lastKnownFileType = file.storyboard; name = Base; path = Base.lproj/LaunchScreen.storyboard; sourceTree = "<group>"; };
		779E61A1220864EA000FF06A /* Info.plist */ = {isa = PBXFileReference; lastKnownFileType = text.plist.xml; path = Info.plist; sourceTree = "<group>"; };
		779E61A9220879AE000FF06A /* Date.swift */ = {isa = PBXFileReference; lastKnownFileType = sourcecode.swift; path = Date.swift; sourceTree = "<group>"; };
		779E61AB22087AFA000FF06A /* DataDeathList.swift */ = {isa = PBXFileReference; fileEncoding = 4; lastKnownFileType = sourcecode.swift; path = DataDeathList.swift; sourceTree = "<group>"; };
		77EAE00E2208A7E50048C556 /* DeathTableViewCell.swift */ = {isa = PBXFileReference; lastKnownFileType = sourcecode.swift; path = DeathTableViewCell.swift; sourceTree = "<group>"; };
/* End PBXFileReference section */

/* Begin PBXFrameworksBuildPhase section */
		779E618F220864EA000FF06A /* Frameworks */ = {
			isa = PBXFrameworksBuildPhase;
			buildActionMask = 2147483647;
			files = (
			);
			runOnlyForDeploymentPostprocessing = 0;
		};
/* End PBXFrameworksBuildPhase section */

/* Begin PBXGroup section */
		779E6189220864EA000FF06A = {
			isa = PBXGroup;
			children = (
				779E6194220864EA000FF06A /* d02 */,
				779E6193220864EA000FF06A /* Products */,
			);
			sourceTree = "<group>";
		};
		779E6193220864EA000FF06A /* Products */ = {
			isa = PBXGroup;
			children = (
				779E6192220864EA000FF06A /* d02.app */,
			);
			name = Products;
			sourceTree = "<group>";
		};
		779E6194220864EA000FF06A /* d02 */ = {
			isa = PBXGroup;
			children = (
				779E61AB22087AFA000FF06A /* DataDeathList.swift */,
				779E6195220864EA000FF06A /* AppDelegate.swift */,
				779E6197220864EA000FF06A /* ViewController.swift */,
				779E6199220864EA000FF06A /* Main.storyboard */,
				779E619C220864EA000FF06A /* Assets.xcassets */,
				779E619E220864EA000FF06A /* LaunchScreen.storyboard */,
				779E61A1220864EA000FF06A /* Info.plist */,
				779E61A9220879AE000FF06A /* Date.swift */,
				77EAE00E2208A7E50048C556 /* DeathTableViewCell.swift */,
			);
			path = d02;
			sourceTree = "<group>";
		};
/* End PBXGroup section */

/* Begin PBXNativeTarget section */
		779E6191220864EA000FF06A /* d02 */ = {
			isa = PBXNativeTarget;
			buildConfigurationList = 779E61A4220864EA000FF06A /* Build configuration list for PBXNativeTarget "d02" */;
			buildPhases = (
				779E618E220864EA000FF06A /* Sources */,
				779E618F220864EA000FF06A /* Frameworks */,
				779E6190220864EA000FF06A /* Resources */,
			);
			buildRules = (
			);
			dependencies = (
			);
			name = d02;
			productName = d02;
			productReference = 779E6192220864EA000FF06A /* d02.app */;
			productType = "com.apple.product-type.application";
		};
/* End PBXNativeTarget section */

/* Begin PBXProject section */
		779E618A220864EA000FF06A /* Project object */ = {
			isa = PBXProject;
			attributes = {
				LastSwiftUpdateCheck = 0920;
				LastUpgradeCheck = 0920;
				ORGANIZATIONNAME = "Inti FRANC-REGIS";
				TargetAttributes = {
					779E6191220864EA000FF06A = {
						CreatedOnToolsVersion = 9.2;
						ProvisioningStyle = Automatic;
					};
				};
			};
			buildConfigurationList = 779E618D220864EA000FF06A /* Build configuration list for PBXProject "d02" */;
			compatibilityVersion = "Xcode 8.0";
			developmentRegion = en;
			hasScannedForEncodings = 0;
			knownRegions = (
				en,
				Base,
			);
			mainGroup = 779E6189220864EA000FF06A;
			productRefGroup = 779E6193220864EA000FF06A /* Products */;
			projectDirPath = "";
			projectRoot = "";
			targets = (
				779E6191220864EA000FF06A /* d02 */,
			);
		};
/* End PBXProject section */

/* Begin PBXResourcesBuildPhase section */
		779E6190220864EA000FF06A /* Resources */ = {
			isa = PBXResourcesBuildPhase;
			buildActionMask = 2147483647;
			files = (
				779E61A0220864EA000FF06A /* LaunchScreen.storyboard in Resources */,
				779E619D220864EA000FF06A /* Assets.xcassets in Resources */,
				779E619B220864EA000FF06A /* Main.storyboard in Resources */,
			);
			runOnlyForDeploymentPostprocessing = 0;
		};
/* End PBXResourcesBuildPhase section */

/* Begin PBXSourcesBuildPhase section */
		779E618E220864EA000FF06A /* Sources */ = {
			isa = PBXSourcesBuildPhase;
			buildActionMask = 2147483647;
			files = (
				779E6198220864EA000FF06A /* ViewController.swift in Sources */,
				779E6196220864EA000FF06A /* AppDelegate.swift in Sources */,
				779E61AC22087AFA000FF06A /* DataDeathList.swift in Sources */,
				779E61AA220879AE000FF06A /* Date.swift in Sources */,
				77EAE00F2208A7E50048C556 /* DeathTableViewCell.swift in Sources */,
			);
			runOnlyForDeploymentPostprocessing = 0;
		};
/* End PBXSourcesBuildPhase section */

/* Begin PBXVariantGroup section */
		779E6199220864EA000FF06A /* Main.storyboard */ = {
			isa = PBXVariantGroup;
			children = (
				779E619A220864EA000FF06A /* Base */,
			);
			name = Main.storyboard;
			sourceTree = "<group>";
		};
		779E619E220864EA000FF06A /* LaunchScreen.storyboard */ = {
			isa = PBXVariantGroup;
			children = (
				779E619F220864EA000FF06A /* Base */,
			);
			name = LaunchScreen.storyboard;
			sourceTree = "<group>";
		};
/* End PBXVariantGroup section */

/* Begin XCBuildConfiguration section */
		779E61A2220864EA000FF06A /* Debug */ = {
			isa = XCBuildConfiguration;
			buildSettings = {
				ALWAYS_SEARCH_USER_PATHS = NO;
				CLANG_ANALYZER_NONNULL = YES;
				CLANG_ANALYZER_NUMBER_OBJECT_CONVERSION = YES_AGGRESSIVE;
				CLANG_CXX_LANGUAGE_STANDARD = "gnu++14";
				CLANG_CXX_LIBRARY = "libc++";
				CLANG_ENABLE_MODULES = YES;
				CLANG_ENABLE_OBJC_ARC = YES;
				CLANG_WARN_BLOCK_CAPTURE_AUTORELEASING = YES;
				CLANG_WARN_BOOL_CONVERSION = YES;
				CLANG_WARN_COMMA = YES;
				CLANG_WARN_CONSTANT_CONVERSION = YES;
				CLANG_WARN_DIRECT_OBJC_ISA_USAGE = YES_ERROR;
				CLANG_WARN_DOCUMENTATION_COMMENTS = YES;
				CLANG_WARN_EMPTY_BODY = YES;
				CLANG_WARN_ENUM_CONVERSION = YES;
				CLANG_WARN_INFINITE_RECURSION = YES;
				CLANG_WARN_INT_CONVERSION = YES;
				CLANG_WARN_NON_LITERAL_NULL_CONVERSION = YES;
				CLANG_WARN_OBJC_LITERAL_CONVERSION = YES;
				CLANG_WARN_OBJC_ROOT_CLASS = YES_ERROR;
				CLANG_WARN_RANGE_LOOP_ANALYSIS = YES;
				CLANG_WARN_STRICT_PROTOTYPES = YES;
				CLANG_WARN_SUSPICIOUS_MOVE = YES;
				CLANG_WARN_UNGUARDED_AVAILABILITY = YES_AGGRESSIVE;
				CLANG_WARN_UNREACHABLE_CODE = YES;
				CLANG_WARN__DUPLICATE_METHOD_MATCH = YES;
				CODE_SIGN_IDENTITY = "iPhone Developer";
				COPY_PHASE_STRIP = NO;
				DEBUG_INFORMATION_FORMAT = dwarf;
				ENABLE_STRICT_OBJC_MSGSEND = YES;
				ENABLE_TESTABILITY = YES;
				GCC_C_LANGUAGE_STANDARD = gnu11;
				GCC_DYNAMIC_NO_PIC = NO;
				GCC_NO_COMMON_BLOCKS = YES;
				GCC_OPTIMIZATION_LEVEL = 0;
				GCC_PREPROCESSOR_DEFINITIONS = (
					"DEBUG=1",
					"$(inherited)",
				);
				GCC_WARN_64_TO_32_BIT_CONVERSION = YES;
				GCC_WARN_ABOUT_RETURN_TYPE = YES_ERROR;
				GCC_WARN_UNDECLARED_SELECTOR = YES;
				GCC_WARN_UNINITIALIZED_AUTOS = YES_AGGRESSIVE;
				GCC_WARN_UNUSED_FUNCTION = YES;
				GCC_WARN_UNUSED_VARIABLE = YES;
				IPHONEOS_DEPLOYMENT_TARGET = 11.2;
				MTL_ENABLE_DEBUG_INFO = YES;
				ONLY_ACTIVE_ARCH = YES;
				SDKROOT = iphoneos;
				SWIFT_ACTIVE_COMPILATION_CONDITIONS = DEBUG;
				SWIFT_OPTIMIZATION_LEVEL = "-Onone";
			};
			name = Debug;
		};
		779E61A3220864EA000FF06A /* Release */ = {
			isa = XCBuildConfiguration;
			buildSettings = {
				ALWAYS_SEARCH_USER_PATHS = NO;
				CLANG_ANALYZER_NONNULL = YES;
				CLANG_ANALYZER_NUMBER_OBJECT_CONVERSION = YES_AGGRESSIVE;
				CLANG_CXX_LANGUAGE_STANDARD = "gnu++14";
				CLANG_CXX_LIBRARY = "libc++";
				CLANG_ENABLE_MODULES = YES;
				CLANG_ENABLE_OBJC_ARC = YES;
				CLANG_WARN_BLOCK_CAPTURE_AUTORELEASING = YES;
				CLANG_WARN_BOOL_CONVERSION = YES;
				CLANG_WARN_COMMA = YES;
				CLANG_WARN_CONSTANT_CONVERSION = YES;
				CLANG_WARN_DIRECT_OBJC_ISA_USAGE = YES_ERROR;
				CLANG_WARN_DOCUMENTATION_COMMENTS = YES;
				CLANG_WARN_EMPTY_BODY = YES;
				CLANG_WARN_ENUM_CONVERSION = YES;
				CLANG_WARN_INFINITE_RECURSION = YES;
				CLANG_WARN_INT_CONVERSION = YES;
				CLANG_WARN_NON_LITERAL_NULL_CONVERSION = YES;
				CLANG_WARN_OBJC_LITERAL_CONVERSION = YES;
				CLANG_WARN_OBJC_ROOT_CLASS = YES_ERROR;
				CLANG_WARN_RANGE_LOOP_ANALYSIS = YES;
				CLANG_WARN_STRICT_PROTOTYPES = YES;
				CLANG_WARN_SUSPICIOUS_MOVE = YES;
				CLANG_WARN_UNGUARDED_AVAILABILITY = YES_AGGRESSIVE;
				CLANG_WARN_UNREACHABLE_CODE = YES;
				CLANG_WARN__DUPLICATE_METHOD_MATCH = YES;
				CODE_SIGN_IDENTITY = "iPhone Developer";
				COPY_PHASE_STRIP = NO;
				DEBUG_INFORMATION_FORMAT = "dwarf-with-dsym";
				ENABLE_NS_ASSERTIONS = NO;
				ENABLE_STRICT_OBJC_MSGSEND = YES;
				GCC_C_LANGUAGE_STANDARD = gnu11;
				GCC_NO_COMMON_BLOCKS = YES;
				GCC_WARN_64_TO_32_BIT_CONVERSION = YES;
				GCC_WARN_ABOUT_RETURN_TYPE = YES_ERROR;
				GCC_WARN_UNDECLARED_SELECTOR = YES;
				GCC_WARN_UNINITIALIZED_AUTOS = YES_AGGRESSIVE;
				GCC_WARN_UNUSED_FUNCTION = YES;
				GCC_WARN_UNUSED_VARIABLE = YES;
				IPHONEOS_DEPLOYMENT_TARGET = 11.2;
				MTL_ENABLE_DEBUG_INFO = NO;
				SDKROOT = iphoneos;
				SWIFT_OPTIMIZATION_LEVEL = "-Owholemodule";
				VALIDATE_PRODUCT = YES;
			};
			name = Release;
		};
		779E61A5220864EA000FF06A /* Debug */ = {
			isa = XCBuildConfiguration;
			buildSettings = {
				ASSETCATALOG_COMPILER_APPICON_NAME = AppIcon;
				CODE_SIGN_STYLE = Automatic;
				INFOPLIST_FILE = d02/Info.plist;
				LD_RUNPATH_SEARCH_PATHS = "$(inherited) @executable_path/Frameworks";
				PRODUCT_BUNDLE_IDENTIFIER = "ifranc-r.d02";
				PRODUCT_NAME = "$(TARGET_NAME)";
				SWIFT_VERSION = 4.0;
				TARGETED_DEVICE_FAMILY = "1,2";
			};
			name = Debug;
		};
		779E61A6220864EA000FF06A /* Release */ = {
			isa = XCBuildConfiguration;
			buildSettings = {
				ASSETCATALOG_COMPILER_APPICON_NAME = AppIcon;
				CODE_SIGN_STYLE = Automatic;
				INFOPLIST_FILE = d02/Info.plist;
				LD_RUNPATH_SEARCH_PATHS = "$(inherited) @executable_path/Frameworks";
				PRODUCT_BUNDLE_IDENTIFIER = "ifranc-r.d02";
				PRODUCT_NAME = "$(TARGET_NAME)";
				SWIFT_VERSION = 4.0;
				TARGETED_DEVICE_FAMILY = "1,2";
			};
			name = Release;
		};
/* End XCBuildConfiguration section */

/* Begin XCConfigurationList section */
		779E618D220864EA000FF06A /* Build configuration list for PBXProject "d02" */ = {
			isa = XCConfigurationList;
			buildConfigurations = (
				779E61A2220864EA000FF06A /* Debug */,
				779E61A3220864EA000FF06A /* Release */,
			);
			defaultConfigurationIsVisible = 0;
			defaultConfigurationName = Release;
		};
		779E61A4220864EA000FF06A /* Build configuration list for PBXNativeTarget "d02" */ = {
			isa = XCConfigurationList;
			buildConfigurations = (
				779E61A5220864EA000FF06A /* Debug */,
				779E61A6220864EA000FF06A /* Release */,
			);
			defaultConfigurationIsVisible = 0;
			defaultConfigurationName = Release;
		};
/* End XCConfigurationList section */
	};
	rootObject = 779E618A220864EA000FF06A /* Project object */;
}
