// !$*UTF8*$!
{
	archiveVersion = 1;
	classes = {
	};
	objectVersion = 48;
	objects = {

/* Begin PBXBuildFile section */
		770D6658223956CC00689B0B /* TabBarControllerCustum.swift in Sources */ = {isa = PBXBuildFile; fileRef = 770D6657223956CC00689B0B /* TabBarControllerCustum.swift */; };
		7747CA5A2226EC3700417585 /* AppDelegate.swift in Sources */ = {isa = PBXBuildFile; fileRef = 7747CA592226EC3700417585 /* AppDelegate.swift */; };
		7747CA5F2226EC3700417585 /* Main.storyboard in Resources */ = {isa = PBXBuildFile; fileRef = 7747CA5D2226EC3700417585 /* Main.storyboard */; };
		7747CA612226EC3700417585 /* Assets.xcassets in Resources */ = {isa = PBXBuildFile; fileRef = 7747CA602226EC3700417585 /* Assets.xcassets */; };
		7747CA642226EC3700417585 /* LaunchScreen.storyboard in Resources */ = {isa = PBXBuildFile; fileRef = 7747CA622226EC3700417585 /* LaunchScreen.storyboard */; };
		77A9F5EA22282DFB002AD554 /* CustumCell.swift in Sources */ = {isa = PBXBuildFile; fileRef = 77A9F5E922282DFB002AD554 /* CustumCell.swift */; };
		77A9F5EC222844AB002AD554 /* ViewControllerSecond.swift in Sources */ = {isa = PBXBuildFile; fileRef = 77A9F5EB222844AB002AD554 /* ViewControllerSecond.swift */; };
		77B7E51322282AE000F41131 /* ViewControllerFirst.swift in Sources */ = {isa = PBXBuildFile; fileRef = 77B7E51222282AE000F41131 /* ViewControllerFirst.swift */; };
		77D27DEC22280956005778AE /* Data.swift in Sources */ = {isa = PBXBuildFile; fileRef = 77D27DEB22280956005778AE /* Data.swift */; };
/* End PBXBuildFile section */

/* Begin PBXFileReference section */
		770D6657223956CC00689B0B /* TabBarControllerCustum.swift */ = {isa = PBXFileReference; lastKnownFileType = sourcecode.swift; path = TabBarControllerCustum.swift; sourceTree = "<group>"; };
		7747CA562226EC3700417585 /* d05.app */ = {isa = PBXFileReference; explicitFileType = wrapper.application; includeInIndex = 0; path = d05.app; sourceTree = BUILT_PRODUCTS_DIR; };
		7747CA592226EC3700417585 /* AppDelegate.swift */ = {isa = PBXFileReference; lastKnownFileType = sourcecode.swift; path = AppDelegate.swift; sourceTree = "<group>"; };
		7747CA5E2226EC3700417585 /* Base */ = {isa = PBXFileReference; lastKnownFileType = file.storyboard; name = Base; path = Base.lproj/Main.storyboard; sourceTree = "<group>"; };
		7747CA602226EC3700417585 /* Assets.xcassets */ = {isa = PBXFileReference; lastKnownFileType = folder.assetcatalog; path = Assets.xcassets; sourceTree = "<group>"; };
		7747CA632226EC3700417585 /* Base */ = {isa = PBXFileReference; lastKnownFileType = file.storyboard; name = Base; path = Base.lproj/LaunchScreen.storyboard; sourceTree = "<group>"; };
		7747CA652226EC3700417585 /* Info.plist */ = {isa = PBXFileReference; lastKnownFileType = text.plist.xml; path = Info.plist; sourceTree = "<group>"; };
		77A9F5E922282DFB002AD554 /* CustumCell.swift */ = {isa = PBXFileReference; lastKnownFileType = sourcecode.swift; path = CustumCell.swift; sourceTree = "<group>"; };
		77A9F5EB222844AB002AD554 /* ViewControllerSecond.swift */ = {isa = PBXFileReference; lastKnownFileType = sourcecode.swift; path = ViewControllerSecond.swift; sourceTree = "<group>"; };
		77B7E51222282AE000F41131 /* ViewControllerFirst.swift */ = {isa = PBXFileReference; lastKnownFileType = sourcecode.swift; path = ViewControllerFirst.swift; sourceTree = "<group>"; };
		77D27DEB22280956005778AE /* Data.swift */ = {isa = PBXFileReference; lastKnownFileType = sourcecode.swift; path = Data.swift; sourceTree = "<group>"; };
/* End PBXFileReference section */

/* Begin PBXFrameworksBuildPhase section */
		7747CA532226EC3700417585 /* Frameworks */ = {
			isa = PBXFrameworksBuildPhase;
			buildActionMask = 2147483647;
			files = (
			);
			runOnlyForDeploymentPostprocessing = 0;
		};
/* End PBXFrameworksBuildPhase section */

/* Begin PBXGroup section */
		7747CA4D2226EC3700417585 = {
			isa = PBXGroup;
			children = (
				7747CA582226EC3700417585 /* d05 */,
				7747CA572226EC3700417585 /* Products */,
			);
			sourceTree = "<group>";
		};
		7747CA572226EC3700417585 /* Products */ = {
			isa = PBXGroup;
			children = (
				7747CA562226EC3700417585 /* d05.app */,
			);
			name = Products;
			sourceTree = "<group>";
		};
		7747CA582226EC3700417585 /* d05 */ = {
			isa = PBXGroup;
			children = (
				7747CA592226EC3700417585 /* AppDelegate.swift */,
				7747CA5D2226EC3700417585 /* Main.storyboard */,
				7747CA602226EC3700417585 /* Assets.xcassets */,
				7747CA622226EC3700417585 /* LaunchScreen.storyboard */,
				7747CA652226EC3700417585 /* Info.plist */,
				77D27DEB22280956005778AE /* Data.swift */,
				77B7E51222282AE000F41131 /* ViewControllerFirst.swift */,
				77A9F5E922282DFB002AD554 /* CustumCell.swift */,
				77A9F5EB222844AB002AD554 /* ViewControllerSecond.swift */,
				770D6657223956CC00689B0B /* TabBarControllerCustum.swift */,
			);
			path = d05;
			sourceTree = "<group>";
		};
/* End PBXGroup section */

/* Begin PBXNativeTarget section */
		7747CA552226EC3700417585 /* d05 */ = {
			isa = PBXNativeTarget;
			buildConfigurationList = 7747CA682226EC3700417585 /* Build configuration list for PBXNativeTarget "d05" */;
			buildPhases = (
				7747CA522226EC3700417585 /* Sources */,
				7747CA532226EC3700417585 /* Frameworks */,
				7747CA542226EC3700417585 /* Resources */,
			);
			buildRules = (
			);
			dependencies = (
			);
			name = d05;
			productName = d05;
			productReference = 7747CA562226EC3700417585 /* d05.app */;
			productType = "com.apple.product-type.application";
		};
/* End PBXNativeTarget section */

/* Begin PBXProject section */
		7747CA4E2226EC3700417585 /* Project object */ = {
			isa = PBXProject;
			attributes = {
				LastSwiftUpdateCheck = 0920;
				LastUpgradeCheck = 0920;
				ORGANIZATIONNAME = "Inti FRANC-REGIS";
				TargetAttributes = {
					7747CA552226EC3700417585 = {
						CreatedOnToolsVersion = 9.2;
						ProvisioningStyle = Automatic;
					};
				};
			};
			buildConfigurationList = 7747CA512226EC3700417585 /* Build configuration list for PBXProject "d05" */;
			compatibilityVersion = "Xcode 8.0";
			developmentRegion = en;
			hasScannedForEncodings = 0;
			knownRegions = (
				en,
				Base,
			);
			mainGroup = 7747CA4D2226EC3700417585;
			productRefGroup = 7747CA572226EC3700417585 /* Products */;
			projectDirPath = "";
			projectRoot = "";
			targets = (
				7747CA552226EC3700417585 /* d05 */,
			);
		};
/* End PBXProject section */

/* Begin PBXResourcesBuildPhase section */
		7747CA542226EC3700417585 /* Resources */ = {
			isa = PBXResourcesBuildPhase;
			buildActionMask = 2147483647;
			files = (
				7747CA642226EC3700417585 /* LaunchScreen.storyboard in Resources */,
				7747CA612226EC3700417585 /* Assets.xcassets in Resources */,
				7747CA5F2226EC3700417585 /* Main.storyboard in Resources */,
			);
			runOnlyForDeploymentPostprocessing = 0;
		};
/* End PBXResourcesBuildPhase section */

/* Begin PBXSourcesBuildPhase section */
		7747CA522226EC3700417585 /* Sources */ = {
			isa = PBXSourcesBuildPhase;
			buildActionMask = 2147483647;
			files = (
				77A9F5EA22282DFB002AD554 /* CustumCell.swift in Sources */,
				77D27DEC22280956005778AE /* Data.swift in Sources */,
				7747CA5A2226EC3700417585 /* AppDelegate.swift in Sources */,
				77A9F5EC222844AB002AD554 /* ViewControllerSecond.swift in Sources */,
				770D6658223956CC00689B0B /* TabBarControllerCustum.swift in Sources */,
				77B7E51322282AE000F41131 /* ViewControllerFirst.swift in Sources */,
			);
			runOnlyForDeploymentPostprocessing = 0;
		};
/* End PBXSourcesBuildPhase section */

/* Begin PBXVariantGroup section */
		7747CA5D2226EC3700417585 /* Main.storyboard */ = {
			isa = PBXVariantGroup;
			children = (
				7747CA5E2226EC3700417585 /* Base */,
			);
			name = Main.storyboard;
			sourceTree = "<group>";
		};
		7747CA622226EC3700417585 /* LaunchScreen.storyboard */ = {
			isa = PBXVariantGroup;
			children = (
				7747CA632226EC3700417585 /* Base */,
			);
			name = LaunchScreen.storyboard;
			sourceTree = "<group>";
		};
/* End PBXVariantGroup section */

/* Begin XCBuildConfiguration section */
		7747CA662226EC3700417585 /* Debug */ = {
			isa = XCBuildConfiguration;
			buildSettings = {
				ALWAYS_SEARCH_USER_PATHS = NO;
				CLANG_ANALYZER_NONNULL = YES;
				CLANG_ANALYZER_NUMBER_OBJECT_CONVERSION = YES_AGGRESSIVE;
				CLANG_CXX_LANGUAGE_STANDARD = "gnu++14";
				CLANG_CXX_LIBRARY = "libc++";
				CLANG_ENABLE_MODULES = YES;
				CLANG_ENABLE_OBJC_ARC = YES;
				CLANG_WARN_BLOCK_CAPTURE_AUTORELEASING = YES;
				CLANG_WARN_BOOL_CONVERSION = YES;
				CLANG_WARN_COMMA = YES;
				CLANG_WARN_CONSTANT_CONVERSION = YES;
				CLANG_WARN_DIRECT_OBJC_ISA_USAGE = YES_ERROR;
				CLANG_WARN_DOCUMENTATION_COMMENTS = YES;
				CLANG_WARN_EMPTY_BODY = YES;
				CLANG_WARN_ENUM_CONVERSION = YES;
				CLANG_WARN_INFINITE_RECURSION = YES;
				CLANG_WARN_INT_CONVERSION = YES;
				CLANG_WARN_NON_LITERAL_NULL_CONVERSION = YES;
				CLANG_WARN_OBJC_LITERAL_CONVERSION = YES;
				CLANG_WARN_OBJC_ROOT_CLASS = YES_ERROR;
				CLANG_WARN_RANGE_LOOP_ANALYSIS = YES;
				CLANG_WARN_STRICT_PROTOTYPES = YES;
				CLANG_WARN_SUSPICIOUS_MOVE = YES;
				CLANG_WARN_UNGUARDED_AVAILABILITY = YES_AGGRESSIVE;
				CLANG_WARN_UNREACHABLE_CODE = YES;
				CLANG_WARN__DUPLICATE_METHOD_MATCH = YES;
				CODE_SIGN_IDENTITY = "iPhone Developer";
				COPY_PHASE_STRIP = NO;
				DEBUG_INFORMATION_FORMAT = dwarf;
				ENABLE_STRICT_OBJC_MSGSEND = YES;
				ENABLE_TESTABILITY = YES;
				GCC_C_LANGUAGE_STANDARD = gnu11;
				GCC_DYNAMIC_NO_PIC = NO;
				GCC_NO_COMMON_BLOCKS = YES;
				GCC_OPTIMIZATION_LEVEL = 0;
				GCC_PREPROCESSOR_DEFINITIONS = (
					"DEBUG=1",
					"$(inherited)",
				);
				GCC_WARN_64_TO_32_BIT_CONVERSION = YES;
				GCC_WARN_ABOUT_RETURN_TYPE = YES_ERROR;
				GCC_WARN_UNDECLARED_SELECTOR = YES;
				GCC_WARN_UNINITIALIZED_AUTOS = YES_AGGRESSIVE;
				GCC_WARN_UNUSED_FUNCTION = YES;
				GCC_WARN_UNUSED_VARIABLE = YES;
				IPHONEOS_DEPLOYMENT_TARGET = 11.2;
				MTL_ENABLE_DEBUG_INFO = YES;
				ONLY_ACTIVE_ARCH = YES;
				SDKROOT = iphoneos;
				SWIFT_ACTIVE_COMPILATION_CONDITIONS = DEBUG;
				SWIFT_OPTIMIZATION_LEVEL = "-Onone";
			};
			name = Debug;
		};
		7747CA672226EC3700417585 /* Release */ = {
			isa = XCBuildConfiguration;
			buildSettings = {
				ALWAYS_SEARCH_USER_PATHS = NO;
				CLANG_ANALYZER_NONNULL = YES;
				CLANG_ANALYZER_NUMBER_OBJECT_CONVERSION = YES_AGGRESSIVE;
				CLANG_CXX_LANGUAGE_STANDARD = "gnu++14";
				CLANG_CXX_LIBRARY = "libc++";
				CLANG_ENABLE_MODULES = YES;
				CLANG_ENABLE_OBJC_ARC = YES;
				CLANG_WARN_BLOCK_CAPTURE_AUTORELEASING = YES;
				CLANG_WARN_BOOL_CONVERSION = YES;
				CLANG_WARN_COMMA = YES;
				CLANG_WARN_CONSTANT_CONVERSION = YES;
				CLANG_WARN_DIRECT_OBJC_ISA_USAGE = YES_ERROR;
				CLANG_WARN_DOCUMENTATION_COMMENTS = YES;
				CLANG_WARN_EMPTY_BODY = YES;
				CLANG_WARN_ENUM_CONVERSION = YES;
				CLANG_WARN_INFINITE_RECURSION = YES;
				CLANG_WARN_INT_CONVERSION = YES;
				CLANG_WARN_NON_LITERAL_NULL_CONVERSION = YES;
				CLANG_WARN_OBJC_LITERAL_CONVERSION = YES;
				CLANG_WARN_OBJC_ROOT_CLASS = YES_ERROR;
				CLANG_WARN_RANGE_LOOP_ANALYSIS = YES;
				CLANG_WARN_STRICT_PROTOTYPES = YES;
				CLANG_WARN_SUSPICIOUS_MOVE = YES;
				CLANG_WARN_UNGUARDED_AVAILABILITY = YES_AGGRESSIVE;
				CLANG_WARN_UNREACHABLE_CODE = YES;
				CLANG_WARN__DUPLICATE_METHOD_MATCH = YES;
				CODE_SIGN_IDENTITY = "iPhone Developer";
				COPY_PHASE_STRIP = NO;
				DEBUG_INFORMATION_FORMAT = "dwarf-with-dsym";
				ENABLE_NS_ASSERTIONS = NO;
				ENABLE_STRICT_OBJC_MSGSEND = YES;
				GCC_C_LANGUAGE_STANDARD = gnu11;
				GCC_NO_COMMON_BLOCKS = YES;
				GCC_WARN_64_TO_32_BIT_CONVERSION = YES;
				GCC_WARN_ABOUT_RETURN_TYPE = YES_ERROR;
				GCC_WARN_UNDECLARED_SELECTOR = YES;
				GCC_WARN_UNINITIALIZED_AUTOS = YES_AGGRESSIVE;
				GCC_WARN_UNUSED_FUNCTION = YES;
				GCC_WARN_UNUSED_VARIABLE = YES;
				IPHONEOS_DEPLOYMENT_TARGET = 11.2;
				MTL_ENABLE_DEBUG_INFO = NO;
				SDKROOT = iphoneos;
				SWIFT_OPTIMIZATION_LEVEL = "-Owholemodule";
				VALIDATE_PRODUCT = YES;
			};
			name = Release;
		};
		7747CA692226EC3700417585 /* Debug */ = {
			isa = XCBuildConfiguration;
			buildSettings = {
				ASSETCATALOG_COMPILER_APPICON_NAME = AppIcon;
				CODE_SIGN_STYLE = Automatic;
				INFOPLIST_FILE = d05/Info.plist;
				LD_RUNPATH_SEARCH_PATHS = "$(inherited) @executable_path/Frameworks";
				PRODUCT_BUNDLE_IDENTIFIER = "ifranc-r.d05";
				PRODUCT_NAME = "$(TARGET_NAME)";
				SWIFT_VERSION = 4.0;
				TARGETED_DEVICE_FAMILY = "1,2";
			};
			name = Debug;
		};
		7747CA6A2226EC3700417585 /* Release */ = {
			isa = XCBuildConfiguration;
			buildSettings = {
				ASSETCATALOG_COMPILER_APPICON_NAME = AppIcon;
				CODE_SIGN_STYLE = Automatic;
				INFOPLIST_FILE = d05/Info.plist;
				LD_RUNPATH_SEARCH_PATHS = "$(inherited) @executable_path/Frameworks";
				PRODUCT_BUNDLE_IDENTIFIER = "ifranc-r.d05";
				PRODUCT_NAME = "$(TARGET_NAME)";
				SWIFT_VERSION = 4.0;
				TARGETED_DEVICE_FAMILY = "1,2";
			};
			name = Release;
		};
/* End XCBuildConfiguration section */

/* Begin XCConfigurationList section */
		7747CA512226EC3700417585 /* Build configuration list for PBXProject "d05" */ = {
			isa = XCConfigurationList;
			buildConfigurations = (
				7747CA662226EC3700417585 /* Debug */,
				7747CA672226EC3700417585 /* Release */,
			);
			defaultConfigurationIsVisible = 0;
			defaultConfigurationName = Release;
		};
		7747CA682226EC3700417585 /* Build configuration list for PBXNativeTarget "d05" */ = {
			isa = XCConfigurationList;
			buildConfigurations = (
				7747CA692226EC3700417585 /* Debug */,
				7747CA6A2226EC3700417585 /* Release */,
			);
			defaultConfigurationIsVisible = 0;
			defaultConfigurationName = Release;
		};
/* End XCConfigurationList section */
	};
	rootObject = 7747CA4E2226EC3700417585 /* Project object */;
}
