// !$*UTF8*$!
{
	archiveVersion = 1;
	classes = {
	};
	objectVersion = 48;
	objects = {

/* Begin PBXBuildFile section */
		776B2BEC224A5296002CEF65 /* AppDelegate.swift in Sources */ = {isa = PBXBuildFile; fileRef = 776B2BEB224A5296002CEF65 /* AppDelegate.swift */; };
		776B2BEE224A5296002CEF65 /* ViewController.swift in Sources */ = {isa = PBXBuildFile; fileRef = 776B2BED224A5296002CEF65 /* ViewController.swift */; };
		776B2BF1224A5296002CEF65 /* Main.storyboard in Resources */ = {isa = PBXBuildFile; fileRef = 776B2BEF224A5296002CEF65 /* Main.storyboard */; };
		776B2BF3224A5296002CEF65 /* Assets.xcassets in Resources */ = {isa = PBXBuildFile; fileRef = 776B2BF2224A5296002CEF65 /* Assets.xcassets */; };
		776B2BF6224A5296002CEF65 /* LaunchScreen.storyboard in Resources */ = {isa = PBXBuildFile; fileRef = 776B2BF4224A5296002CEF65 /* LaunchScreen.storyboard */; };
		776B2C01224A5296002CEF65 /* d00Tests.swift in Sources */ = {isa = PBXBuildFile; fileRef = 776B2C00224A5296002CEF65 /* d00Tests.swift */; };
		776B2C0C224A5296002CEF65 /* d00UITests.swift in Sources */ = {isa = PBXBuildFile; fileRef = 776B2C0B224A5296002CEF65 /* d00UITests.swift */; };
/* End PBXBuildFile section */

/* Begin PBXContainerItemProxy section */
		776B2BFD224A5296002CEF65 /* PBXContainerItemProxy */ = {
			isa = PBXContainerItemProxy;
			containerPortal = 776B2BE0224A5296002CEF65 /* Project object */;
			proxyType = 1;
			remoteGlobalIDString = 776B2BE7224A5296002CEF65;
			remoteInfo = d00;
		};
		776B2C08224A5296002CEF65 /* PBXContainerItemProxy */ = {
			isa = PBXContainerItemProxy;
			containerPortal = 776B2BE0224A5296002CEF65 /* Project object */;
			proxyType = 1;
			remoteGlobalIDString = 776B2BE7224A5296002CEF65;
			remoteInfo = d00;
		};
/* End PBXContainerItemProxy section */

/* Begin PBXFileReference section */
		776B2BE8224A5296002CEF65 /* d00.app */ = {isa = PBXFileReference; explicitFileType = wrapper.application; includeInIndex = 0; path = d00.app; sourceTree = BUILT_PRODUCTS_DIR; };
		776B2BEB224A5296002CEF65 /* AppDelegate.swift */ = {isa = PBXFileReference; lastKnownFileType = sourcecode.swift; path = AppDelegate.swift; sourceTree = "<group>"; };
		776B2BED224A5296002CEF65 /* ViewController.swift */ = {isa = PBXFileReference; lastKnownFileType = sourcecode.swift; path = ViewController.swift; sourceTree = "<group>"; };
		776B2BF0224A5296002CEF65 /* Base */ = {isa = PBXFileReference; lastKnownFileType = file.storyboard; name = Base; path = Base.lproj/Main.storyboard; sourceTree = "<group>"; };
		776B2BF2224A5296002CEF65 /* Assets.xcassets */ = {isa = PBXFileReference; lastKnownFileType = folder.assetcatalog; path = Assets.xcassets; sourceTree = "<group>"; };
		776B2BF5224A5296002CEF65 /* Base */ = {isa = PBXFileReference; lastKnownFileType = file.storyboard; name = Base; path = Base.lproj/LaunchScreen.storyboard; sourceTree = "<group>"; };
		776B2BF7224A5296002CEF65 /* Info.plist */ = {isa = PBXFileReference; lastKnownFileType = text.plist.xml; path = Info.plist; sourceTree = "<group>"; };
		776B2BFC224A5296002CEF65 /* d00Tests.xctest */ = {isa = PBXFileReference; explicitFileType = wrapper.cfbundle; includeInIndex = 0; path = d00Tests.xctest; sourceTree = BUILT_PRODUCTS_DIR; };
		776B2C00224A5296002CEF65 /* d00Tests.swift */ = {isa = PBXFileReference; lastKnownFileType = sourcecode.swift; path = d00Tests.swift; sourceTree = "<group>"; };
		776B2C02224A5296002CEF65 /* Info.plist */ = {isa = PBXFileReference; lastKnownFileType = text.plist.xml; path = Info.plist; sourceTree = "<group>"; };
		776B2C07224A5296002CEF65 /* d00UITests.xctest */ = {isa = PBXFileReference; explicitFileType = wrapper.cfbundle; includeInIndex = 0; path = d00UITests.xctest; sourceTree = BUILT_PRODUCTS_DIR; };
		776B2C0B224A5296002CEF65 /* d00UITests.swift */ = {isa = PBXFileReference; lastKnownFileType = sourcecode.swift; path = d00UITests.swift; sourceTree = "<group>"; };
		776B2C0D224A5296002CEF65 /* Info.plist */ = {isa = PBXFileReference; lastKnownFileType = text.plist.xml; path = Info.plist; sourceTree = "<group>"; };
/* End PBXFileReference section */

/* Begin PBXFrameworksBuildPhase section */
		776B2BE5224A5296002CEF65 /* Frameworks */ = {
			isa = PBXFrameworksBuildPhase;
			buildActionMask = 2147483647;
			files = (
			);
			runOnlyForDeploymentPostprocessing = 0;
		};
		776B2BF9224A5296002CEF65 /* Frameworks */ = {
			isa = PBXFrameworksBuildPhase;
			buildActionMask = 2147483647;
			files = (
			);
			runOnlyForDeploymentPostprocessing = 0;
		};
		776B2C04224A5296002CEF65 /* Frameworks */ = {
			isa = PBXFrameworksBuildPhase;
			buildActionMask = 2147483647;
			files = (
			);
			runOnlyForDeploymentPostprocessing = 0;
		};
/* End PBXFrameworksBuildPhase section */

/* Begin PBXGroup section */
		776B2BDF224A5296002CEF65 = {
			isa = PBXGroup;
			children = (
				776B2BEA224A5296002CEF65 /* d00 */,
				776B2BFF224A5296002CEF65 /* d00Tests */,
				776B2C0A224A5296002CEF65 /* d00UITests */,
				776B2BE9224A5296002CEF65 /* Products */,
			);
			sourceTree = "<group>";
		};
		776B2BE9224A5296002CEF65 /* Products */ = {
			isa = PBXGroup;
			children = (
				776B2BE8224A5296002CEF65 /* d00.app */,
				776B2BFC224A5296002CEF65 /* d00Tests.xctest */,
				776B2C07224A5296002CEF65 /* d00UITests.xctest */,
			);
			name = Products;
			sourceTree = "<group>";
		};
		776B2BEA224A5296002CEF65 /* d00 */ = {
			isa = PBXGroup;
			children = (
				776B2BEB224A5296002CEF65 /* AppDelegate.swift */,
				776B2BED224A5296002CEF65 /* ViewController.swift */,
				776B2BEF224A5296002CEF65 /* Main.storyboard */,
				776B2BF2224A5296002CEF65 /* Assets.xcassets */,
				776B2BF4224A5296002CEF65 /* LaunchScreen.storyboard */,
				776B2BF7224A5296002CEF65 /* Info.plist */,
			);
			path = d00;
			sourceTree = "<group>";
		};
		776B2BFF224A5296002CEF65 /* d00Tests */ = {
			isa = PBXGroup;
			children = (
				776B2C00224A5296002CEF65 /* d00Tests.swift */,
				776B2C02224A5296002CEF65 /* Info.plist */,
			);
			path = d00Tests;
			sourceTree = "<group>";
		};
		776B2C0A224A5296002CEF65 /* d00UITests */ = {
			isa = PBXGroup;
			children = (
				776B2C0B224A5296002CEF65 /* d00UITests.swift */,
				776B2C0D224A5296002CEF65 /* Info.plist */,
			);
			path = d00UITests;
			sourceTree = "<group>";
		};
/* End PBXGroup section */

/* Begin PBXNativeTarget section */
		776B2BE7224A5296002CEF65 /* d00 */ = {
			isa = PBXNativeTarget;
			buildConfigurationList = 776B2C10224A5296002CEF65 /* Build configuration list for PBXNativeTarget "d00" */;
			buildPhases = (
				776B2BE4224A5296002CEF65 /* Sources */,
				776B2BE5224A5296002CEF65 /* Frameworks */,
				776B2BE6224A5296002CEF65 /* Resources */,
			);
			buildRules = (
			);
			dependencies = (
			);
			name = d00;
			productName = d00;
			productReference = 776B2BE8224A5296002CEF65 /* d00.app */;
			productType = "com.apple.product-type.application";
		};
		776B2BFB224A5296002CEF65 /* d00Tests */ = {
			isa = PBXNativeTarget;
			buildConfigurationList = 776B2C13224A5296002CEF65 /* Build configuration list for PBXNativeTarget "d00Tests" */;
			buildPhases = (
				776B2BF8224A5296002CEF65 /* Sources */,
				776B2BF9224A5296002CEF65 /* Frameworks */,
				776B2BFA224A5296002CEF65 /* Resources */,
			);
			buildRules = (
			);
			dependencies = (
				776B2BFE224A5296002CEF65 /* PBXTargetDependency */,
			);
			name = d00Tests;
			productName = d00Tests;
			productReference = 776B2BFC224A5296002CEF65 /* d00Tests.xctest */;
			productType = "com.apple.product-type.bundle.unit-test";
		};
		776B2C06224A5296002CEF65 /* d00UITests */ = {
			isa = PBXNativeTarget;
			buildConfigurationList = 776B2C16224A5296002CEF65 /* Build configuration list for PBXNativeTarget "d00UITests" */;
			buildPhases = (
				776B2C03224A5296002CEF65 /* Sources */,
				776B2C04224A5296002CEF65 /* Frameworks */,
				776B2C05224A5296002CEF65 /* Resources */,
			);
			buildRules = (
			);
			dependencies = (
				776B2C09224A5296002CEF65 /* PBXTargetDependency */,
			);
			name = d00UITests;
			productName = d00UITests;
			productReference = 776B2C07224A5296002CEF65 /* d00UITests.xctest */;
			productType = "com.apple.product-type.bundle.ui-testing";
		};
/* End PBXNativeTarget section */

/* Begin PBXProject section */
		776B2BE0224A5296002CEF65 /* Project object */ = {
			isa = PBXProject;
			attributes = {
				LastSwiftUpdateCheck = 0920;
				LastUpgradeCheck = 0920;
				ORGANIZATIONNAME = "Inti FRANC-REGIS";
				TargetAttributes = {
					776B2BE7224A5296002CEF65 = {
						CreatedOnToolsVersion = 9.2;
						ProvisioningStyle = Automatic;
					};
					776B2BFB224A5296002CEF65 = {
						CreatedOnToolsVersion = 9.2;
						ProvisioningStyle = Automatic;
						TestTargetID = 776B2BE7224A5296002CEF65;
					};
					776B2C06224A5296002CEF65 = {
						CreatedOnToolsVersion = 9.2;
						ProvisioningStyle = Automatic;
						TestTargetID = 776B2BE7224A5296002CEF65;
					};
				};
			};
			buildConfigurationList = 776B2BE3224A5296002CEF65 /* Build configuration list for PBXProject "d00" */;
			compatibilityVersion = "Xcode 8.0";
			developmentRegion = en;
			hasScannedForEncodings = 0;
			knownRegions = (
				en,
				Base,
			);
			mainGroup = 776B2BDF224A5296002CEF65;
			productRefGroup = 776B2BE9224A5296002CEF65 /* Products */;
			projectDirPath = "";
			projectRoot = "";
			targets = (
				776B2BE7224A5296002CEF65 /* d00 */,
				776B2BFB224A5296002CEF65 /* d00Tests */,
				776B2C06224A5296002CEF65 /* d00UITests */,
			);
		};
/* End PBXProject section */

/* Begin PBXResourcesBuildPhase section */
		776B2BE6224A5296002CEF65 /* Resources */ = {
			isa = PBXResourcesBuildPhase;
			buildActionMask = 2147483647;
			files = (
				776B2BF6224A5296002CEF65 /* LaunchScreen.storyboard in Resources */,
				776B2BF3224A5296002CEF65 /* Assets.xcassets in Resources */,
				776B2BF1224A5296002CEF65 /* Main.storyboard in Resources */,
			);
			runOnlyForDeploymentPostprocessing = 0;
		};
		776B2BFA224A5296002CEF65 /* Resources */ = {
			isa = PBXResourcesBuildPhase;
			buildActionMask = 2147483647;
			files = (
			);
			runOnlyForDeploymentPostprocessing = 0;
		};
		776B2C05224A5296002CEF65 /* Resources */ = {
			isa = PBXResourcesBuildPhase;
			buildActionMask = 2147483647;
			files = (
			);
			runOnlyForDeploymentPostprocessing = 0;
		};
/* End PBXResourcesBuildPhase section */

/* Begin PBXSourcesBuildPhase section */
		776B2BE4224A5296002CEF65 /* Sources */ = {
			isa = PBXSourcesBuildPhase;
			buildActionMask = 2147483647;
			files = (
				776B2BEE224A5296002CEF65 /* ViewController.swift in Sources */,
				776B2BEC224A5296002CEF65 /* AppDelegate.swift in Sources */,
			);
			runOnlyForDeploymentPostprocessing = 0;
		};
		776B2BF8224A5296002CEF65 /* Sources */ = {
			isa = PBXSourcesBuildPhase;
			buildActionMask = 2147483647;
			files = (
				776B2C01224A5296002CEF65 /* d00Tests.swift in Sources */,
			);
			runOnlyForDeploymentPostprocessing = 0;
		};
		776B2C03224A5296002CEF65 /* Sources */ = {
			isa = PBXSourcesBuildPhase;
			buildActionMask = 2147483647;
			files = (
				776B2C0C224A5296002CEF65 /* d00UITests.swift in Sources */,
			);
			runOnlyForDeploymentPostprocessing = 0;
		};
/* End PBXSourcesBuildPhase section */

/* Begin PBXTargetDependency section */
		776B2BFE224A5296002CEF65 /* PBXTargetDependency */ = {
			isa = PBXTargetDependency;
			target = 776B2BE7224A5296002CEF65 /* d00 */;
			targetProxy = 776B2BFD224A5296002CEF65 /* PBXContainerItemProxy */;
		};
		776B2C09224A5296002CEF65 /* PBXTargetDependency */ = {
			isa = PBXTargetDependency;
			target = 776B2BE7224A5296002CEF65 /* d00 */;
			targetProxy = 776B2C08224A5296002CEF65 /* PBXContainerItemProxy */;
		};
/* End PBXTargetDependency section */

/* Begin PBXVariantGroup section */
		776B2BEF224A5296002CEF65 /* Main.storyboard */ = {
			isa = PBXVariantGroup;
			children = (
				776B2BF0224A5296002CEF65 /* Base */,
			);
			name = Main.storyboard;
			sourceTree = "<group>";
		};
		776B2BF4224A5296002CEF65 /* LaunchScreen.storyboard */ = {
			isa = PBXVariantGroup;
			children = (
				776B2BF5224A5296002CEF65 /* Base */,
			);
			name = LaunchScreen.storyboard;
			sourceTree = "<group>";
		};
/* End PBXVariantGroup section */

/* Begin XCBuildConfiguration section */
		776B2C0E224A5296002CEF65 /* Debug */ = {
			isa = XCBuildConfiguration;
			buildSettings = {
				ALWAYS_SEARCH_USER_PATHS = NO;
				CLANG_ANALYZER_NONNULL = YES;
				CLANG_ANALYZER_NUMBER_OBJECT_CONVERSION = YES_AGGRESSIVE;
				CLANG_CXX_LANGUAGE_STANDARD = "gnu++14";
				CLANG_CXX_LIBRARY = "libc++";
				CLANG_ENABLE_MODULES = YES;
				CLANG_ENABLE_OBJC_ARC = YES;
				CLANG_WARN_BLOCK_CAPTURE_AUTORELEASING = YES;
				CLANG_WARN_BOOL_CONVERSION = YES;
				CLANG_WARN_COMMA = YES;
				CLANG_WARN_CONSTANT_CONVERSION = YES;
				CLANG_WARN_DIRECT_OBJC_ISA_USAGE = YES_ERROR;
				CLANG_WARN_DOCUMENTATION_COMMENTS = YES;
				CLANG_WARN_EMPTY_BODY = YES;
				CLANG_WARN_ENUM_CONVERSION = YES;
				CLANG_WARN_INFINITE_RECURSION = YES;
				CLANG_WARN_INT_CONVERSION = YES;
				CLANG_WARN_NON_LITERAL_NULL_CONVERSION = YES;
				CLANG_WARN_OBJC_LITERAL_CONVERSION = YES;
				CLANG_WARN_OBJC_ROOT_CLASS = YES_ERROR;
				CLANG_WARN_RANGE_LOOP_ANALYSIS = YES;
				CLANG_WARN_STRICT_PROTOTYPES = YES;
				CLANG_WARN_SUSPICIOUS_MOVE = YES;
				CLANG_WARN_UNGUARDED_AVAILABILITY = YES_AGGRESSIVE;
				CLANG_WARN_UNREACHABLE_CODE = YES;
				CLANG_WARN__DUPLICATE_METHOD_MATCH = YES;
				CODE_SIGN_IDENTITY = "iPhone Developer";
				COPY_PHASE_STRIP = NO;
				DEBUG_INFORMATION_FORMAT = dwarf;
				ENABLE_STRICT_OBJC_MSGSEND = YES;
				ENABLE_TESTABILITY = YES;
				GCC_C_LANGUAGE_STANDARD = gnu11;
				GCC_DYNAMIC_NO_PIC = NO;
				GCC_NO_COMMON_BLOCKS = YES;
				GCC_OPTIMIZATION_LEVEL = 0;
				GCC_PREPROCESSOR_DEFINITIONS = (
					"DEBUG=1",
					"$(inherited)",
				);
				GCC_WARN_64_TO_32_BIT_CONVERSION = YES;
				GCC_WARN_ABOUT_RETURN_TYPE = YES_ERROR;
				GCC_WARN_UNDECLARED_SELECTOR = YES;
				GCC_WARN_UNINITIALIZED_AUTOS = YES_AGGRESSIVE;
				GCC_WARN_UNUSED_FUNCTION = YES;
				GCC_WARN_UNUSED_VARIABLE = YES;
				IPHONEOS_DEPLOYMENT_TARGET = 11.2;
				MTL_ENABLE_DEBUG_INFO = YES;
				ONLY_ACTIVE_ARCH = YES;
				SDKROOT = iphoneos;
				SWIFT_ACTIVE_COMPILATION_CONDITIONS = DEBUG;
				SWIFT_OPTIMIZATION_LEVEL = "-Onone";
			};
			name = Debug;
		};
		776B2C0F224A5296002CEF65 /* Release */ = {
			isa = XCBuildConfiguration;
			buildSettings = {
				ALWAYS_SEARCH_USER_PATHS = NO;
				CLANG_ANALYZER_NONNULL = YES;
				CLANG_ANALYZER_NUMBER_OBJECT_CONVERSION = YES_AGGRESSIVE;
				CLANG_CXX_LANGUAGE_STANDARD = "gnu++14";
				CLANG_CXX_LIBRARY = "libc++";
				CLANG_ENABLE_MODULES = YES;
				CLANG_ENABLE_OBJC_ARC = YES;
				CLANG_WARN_BLOCK_CAPTURE_AUTORELEASING = YES;
				CLANG_WARN_BOOL_CONVERSION = YES;
				CLANG_WARN_COMMA = YES;
				CLANG_WARN_CONSTANT_CONVERSION = YES;
				CLANG_WARN_DIRECT_OBJC_ISA_USAGE = YES_ERROR;
				CLANG_WARN_DOCUMENTATION_COMMENTS = YES;
				CLANG_WARN_EMPTY_BODY = YES;
				CLANG_WARN_ENUM_CONVERSION = YES;
				CLANG_WARN_INFINITE_RECURSION = YES;
				CLANG_WARN_INT_CONVERSION = YES;
				CLANG_WARN_NON_LITERAL_NULL_CONVERSION = YES;
				CLANG_WARN_OBJC_LITERAL_CONVERSION = YES;
				CLANG_WARN_OBJC_ROOT_CLASS = YES_ERROR;
				CLANG_WARN_RANGE_LOOP_ANALYSIS = YES;
				CLANG_WARN_STRICT_PROTOTYPES = YES;
				CLANG_WARN_SUSPICIOUS_MOVE = YES;
				CLANG_WARN_UNGUARDED_AVAILABILITY = YES_AGGRESSIVE;
				CLANG_WARN_UNREACHABLE_CODE = YES;
				CLANG_WARN__DUPLICATE_METHOD_MATCH = YES;
				CODE_SIGN_IDENTITY = "iPhone Developer";
				COPY_PHASE_STRIP = NO;
				DEBUG_INFORMATION_FORMAT = "dwarf-with-dsym";
				ENABLE_NS_ASSERTIONS = NO;
				ENABLE_STRICT_OBJC_MSGSEND = YES;
				GCC_C_LANGUAGE_STANDARD = gnu11;
				GCC_NO_COMMON_BLOCKS = YES;
				GCC_WARN_64_TO_32_BIT_CONVERSION = YES;
				GCC_WARN_ABOUT_RETURN_TYPE = YES_ERROR;
				GCC_WARN_UNDECLARED_SELECTOR = YES;
				GCC_WARN_UNINITIALIZED_AUTOS = YES_AGGRESSIVE;
				GCC_WARN_UNUSED_FUNCTION = YES;
				GCC_WARN_UNUSED_VARIABLE = YES;
				IPHONEOS_DEPLOYMENT_TARGET = 11.2;
				MTL_ENABLE_DEBUG_INFO = NO;
				SDKROOT = iphoneos;
				SWIFT_OPTIMIZATION_LEVEL = "-Owholemodule";
				VALIDATE_PRODUCT = YES;
			};
			name = Release;
		};
		776B2C11224A5296002CEF65 /* Debug */ = {
			isa = XCBuildConfiguration;
			buildSettings = {
				ASSETCATALOG_COMPILER_APPICON_NAME = AppIcon;
				CODE_SIGN_STYLE = Automatic;
				INFOPLIST_FILE = d00/Info.plist;
				LD_RUNPATH_SEARCH_PATHS = "$(inherited) @executable_path/Frameworks";
				PRODUCT_BUNDLE_IDENTIFIER = "ifranc-r.d00";
				PRODUCT_NAME = "$(TARGET_NAME)";
				SWIFT_VERSION = 4.0;
				TARGETED_DEVICE_FAMILY = "1,2";
			};
			name = Debug;
		};
		776B2C12224A5296002CEF65 /* Release */ = {
			isa = XCBuildConfiguration;
			buildSettings = {
				ASSETCATALOG_COMPILER_APPICON_NAME = AppIcon;
				CODE_SIGN_STYLE = Automatic;
				INFOPLIST_FILE = d00/Info.plist;
				LD_RUNPATH_SEARCH_PATHS = "$(inherited) @executable_path/Frameworks";
				PRODUCT_BUNDLE_IDENTIFIER = "ifranc-r.d00";
				PRODUCT_NAME = "$(TARGET_NAME)";
				SWIFT_VERSION = 4.0;
				TARGETED_DEVICE_FAMILY = "1,2";
			};
			name = Release;
		};
		776B2C14224A5296002CEF65 /* Debug */ = {
			isa = XCBuildConfiguration;
			buildSettings = {
				ALWAYS_EMBED_SWIFT_STANDARD_LIBRARIES = YES;
				BUNDLE_LOADER = "$(TEST_HOST)";
				CODE_SIGN_STYLE = Automatic;
				INFOPLIST_FILE = d00Tests/Info.plist;
				LD_RUNPATH_SEARCH_PATHS = "$(inherited) @executable_path/Frameworks @loader_path/Frameworks";
				PRODUCT_BUNDLE_IDENTIFIER = "ifranc-r.d00Tests";
				PRODUCT_NAME = "$(TARGET_NAME)";
				SWIFT_VERSION = 4.0;
				TARGETED_DEVICE_FAMILY = "1,2";
				TEST_HOST = "$(BUILT_PRODUCTS_DIR)/d00.app/d00";
			};
			name = Debug;
		};
		776B2C15224A5296002CEF65 /* Release */ = {
			isa = XCBuildConfiguration;
			buildSettings = {
				ALWAYS_EMBED_SWIFT_STANDARD_LIBRARIES = YES;
				BUNDLE_LOADER = "$(TEST_HOST)";
				CODE_SIGN_STYLE = Automatic;
				INFOPLIST_FILE = d00Tests/Info.plist;
				LD_RUNPATH_SEARCH_PATHS = "$(inherited) @executable_path/Frameworks @loader_path/Frameworks";
				PRODUCT_BUNDLE_IDENTIFIER = "ifranc-r.d00Tests";
				PRODUCT_NAME = "$(TARGET_NAME)";
				SWIFT_VERSION = 4.0;
				TARGETED_DEVICE_FAMILY = "1,2";
				TEST_HOST = "$(BUILT_PRODUCTS_DIR)/d00.app/d00";
			};
			name = Release;
		};
		776B2C17224A5296002CEF65 /* Debug */ = {
			isa = XCBuildConfiguration;
			buildSettings = {
				ALWAYS_EMBED_SWIFT_STANDARD_LIBRARIES = YES;
				CODE_SIGN_STYLE = Automatic;
				INFOPLIST_FILE = d00UITests/Info.plist;
				LD_RUNPATH_SEARCH_PATHS = "$(inherited) @executable_path/Frameworks @loader_path/Frameworks";
				PRODUCT_BUNDLE_IDENTIFIER = "ifranc-r.d00UITests";
				PRODUCT_NAME = "$(TARGET_NAME)";
				SWIFT_VERSION = 4.0;
				TARGETED_DEVICE_FAMILY = "1,2";
				TEST_TARGET_NAME = d00;
			};
			name = Debug;
		};
		776B2C18224A5296002CEF65 /* Release */ = {
			isa = XCBuildConfiguration;
			buildSettings = {
				ALWAYS_EMBED_SWIFT_STANDARD_LIBRARIES = YES;
				CODE_SIGN_STYLE = Automatic;
				INFOPLIST_FILE = d00UITests/Info.plist;
				LD_RUNPATH_SEARCH_PATHS = "$(inherited) @executable_path/Frameworks @loader_path/Frameworks";
				PRODUCT_BUNDLE_IDENTIFIER = "ifranc-r.d00UITests";
				PRODUCT_NAME = "$(TARGET_NAME)";
				SWIFT_VERSION = 4.0;
				TARGETED_DEVICE_FAMILY = "1,2";
				TEST_TARGET_NAME = d00;
			};
			name = Release;
		};
/* End XCBuildConfiguration section */

/* Begin XCConfigurationList section */
		776B2BE3224A5296002CEF65 /* Build configuration list for PBXProject "d00" */ = {
			isa = XCConfigurationList;
			buildConfigurations = (
				776B2C0E224A5296002CEF65 /* Debug */,
				776B2C0F224A5296002CEF65 /* Release */,
			);
			defaultConfigurationIsVisible = 0;
			defaultConfigurationName = Release;
		};
		776B2C10224A5296002CEF65 /* Build configuration list for PBXNativeTarget "d00" */ = {
			isa = XCConfigurationList;
			buildConfigurations = (
				776B2C11224A5296002CEF65 /* Debug */,
				776B2C12224A5296002CEF65 /* Release */,
			);
			defaultConfigurationIsVisible = 0;
			defaultConfigurationName = Release;
		};
		776B2C13224A5296002CEF65 /* Build configuration list for PBXNativeTarget "d00Tests" */ = {
			isa = XCConfigurationList;
			buildConfigurations = (
				776B2C14224A5296002CEF65 /* Debug */,
				776B2C15224A5296002CEF65 /* Release */,
			);
			defaultConfigurationIsVisible = 0;
			defaultConfigurationName = Release;
		};
		776B2C16224A5296002CEF65 /* Build configuration list for PBXNativeTarget "d00UITests" */ = {
			isa = XCConfigurationList;
			buildConfigurations = (
				776B2C17224A5296002CEF65 /* Debug */,
				776B2C18224A5296002CEF65 /* Release */,
			);
			defaultConfigurationIsVisible = 0;
			defaultConfigurationName = Release;
		};
/* End XCConfigurationList section */
	};
	rootObject = 776B2BE0224A5296002CEF65 /* Project object */;
}
